
Microsoft Visual Studio Solution File, Format Version 12.00
# Visual Studio Version 17
VisualStudioVersion = 17.14.36414.22 d17.14
MinimumVisualStudioVersion = 10.0.40219.1
Project("{FAE04EC0-301F-11D3-BF4B-00C04F79EFBC}") = "elsoora", "elsoora\elsoora.csproj", "{06083D9E-1208-4B1D-873E-C98B8A17C6BC}"
EndProject
Global
	GlobalSection(SolutionConfigurationPlatforms) = preSolution
		Debug|Any CPU = Debug|Any CPU
		Release|Any CPU = Release|Any CPU
	EndGlobalSection
	GlobalSection(ProjectConfigurationPlatforms) = postSolution
		{06083D9E-1208-4B1D-873E-C98B8A17C6BC}.Debug|Any CPU.ActiveCfg = Debug|Any CPU
		{06083D9E-1208-4B1D-873E-C98B8A17C6BC}.Debug|Any CPU.Build.0 = Debug|Any CPU
		{06083D9E-1208-4B1D-873E-C98B8A17C6BC}.Release|Any CPU.ActiveCfg = Release|Any CPU
		{06083D9E-1208-4B1D-873E-C98B8A17C6BC}.Release|Any CPU.Build.0 = Release|Any CPU
	EndGlobalSection
	GlobalSection(SolutionProperties) = preSolution
		HideSolutionNode = FALSE
	EndGlobalSection
	GlobalSection(ExtensibilityGlobals) = postSolution
		SolutionGuid = {B96CF568-5C83-4275-A3F1-A8A04CCF2696}
	EndGlobalSection
EndGlobal
